
Microsoft Visual Studio Solution File, Format Version 12.00
# Visual Studio Version 16
VisualStudioVersion = 16.0.29613.14
MinimumVisualStudioVersion = 10.0.40219.1
Project("{FAE04EC0-301F-11D3-BF4B-00C04F79EFBC}") = "IntegralTypes", "IntegralTypes\IntegralTypes.csproj", "{DE5DFD8C-5121-4CC5-919E-F91F54A85A6E}"
EndProject
Global
	GlobalSection(SolutionConfigurationPlatforms) = preSolution
		Debug|Any CPU = Debug|Any CPU
		Release|Any CPU = Release|Any CPU
	EndGlobalSection
	GlobalSection(ProjectConfigurationPlatforms) = postSolution
		{DE5DFD8C-5121-4CC5-919E-F91F54A85A6E}.Debug|Any CPU.ActiveCfg = Debug|Any CPU
		{DE5DFD8C-5121-4CC5-919E-F91F54A85A6E}.Debug|Any CPU.Build.0 = Debug|Any CPU
		{DE5DFD8C-5121-4CC5-919E-F91F54A85A6E}.Release|Any CPU.ActiveCfg = Release|Any CPU
		{DE5DFD8C-5121-4CC5-919E-F91F54A85A6E}.Release|Any CPU.Build.0 = Release|Any CPU
	EndGlobalSection
	GlobalSection(SolutionProperties) = preSolution
		HideSolutionNode = FALSE
	EndGlobalSection
	GlobalSection(ExtensibilityGlobals) = postSolution
		SolutionGuid = {CD1EF142-35DB-41DE-B1B5-0CA5E7278FA0}
	EndGlobalSection
EndGlobal
